// !$*UTF8*$!
{
	archiveVersion = 1;
	classes = {
	};
	objectVersion = 46;
	objects = {

/* Begin PBXBuildFile section */
		3A7E3748186F614700D08245 /* bar_select.png in Resources */ = {isa = PBXBuildFile; fileRef = 3A7E3743186F614700D08245 /* bar_select.png */; };
		3A7E3749186F614700D08245 /* colormap.png in Resources */ = {isa = PBXBuildFile; fileRef = 3A7E3744186F614700D08245 /* colormap.png */; };
		3A7E374A186F614700D08245 /* crosshair.png in Resources */ = {isa = PBXBuildFile; fileRef = 3A7E3745186F614700D08245 /* crosshair.png */; };
		3A7E374B186F614700D08245 /* Default.png in Resources */ = {isa = PBXBuildFile; fileRef = 3A7E3746186F614700D08245 /* Default.png */; };
		3A7E374C186F614700D08245 /* Icon.png in Resources */ = {isa = PBXBuildFile; fileRef = 3A7E3747186F614700D08245 /* Icon.png */; };
		3A7E375B186F61E000D08245 /* ColorPickerView.m in Sources */ = {isa = PBXBuildFile; fileRef = 3A7E374F186F61E000D08245 /* ColorPickerView.m */; };
		3A7E375C186F61E000D08245 /* ColorPickerViewController.m in Sources */ = {isa = PBXBuildFile; fileRef = 3A7E3751186F61E000D08245 /* ColorPickerViewController.m */; };
		3A7E375D186F61E000D08245 /* ColorSwatchView.m in Sources */ = {isa = PBXBuildFile; fileRef = 3A7E3753186F61E000D08245 /* ColorSwatchView.m */; };
		3A7E375E186F61E000D08245 /* GradientView.m in Sources */ = {isa = PBXBuildFile; fileRef = 3A7E3756186F61E000D08245 /* GradientView.m */; };
		3A7E375F186F61E000D08245 /* UIColor-Expanded.m in Sources */ = {isa = PBXBuildFile; fileRef = 3A7E3758186F61E000D08245 /* UIColor-Expanded.m */; };
		3A7E3760186F61E000D08245 /* UIColor-HSVAdditions.m in Sources */ = {isa = PBXBuildFile; fileRef = 3A7E375A186F61E000D08245 /* UIColor-HSVAdditions.m */; };
		3A7E3762186F632C00D08245 /* ColorPickerViewController.xib in Resources */ = {isa = PBXBuildFile; fileRef = 3A7E3761186F632C00D08245 /* ColorPickerViewController.xib */; };
		3A7E376F18710E6A00D08245 /* painter_button.jpg in Resources */ = {isa = PBXBuildFile; fileRef = 3A7E376E18710E6A00D08245 /* painter_button.jpg */; };
		3A7E377118710E7600D08245 /* send_button.jpg in Resources */ = {isa = PBXBuildFile; fileRef = 3A7E377018710E7600D08245 /* send_button.jpg */; };
		3A7E377418711FDE00D08245 /* HMImagePickerViewController.m in Sources */ = {isa = PBXBuildFile; fileRef = 3A7E377318711FDE00D08245 /* HMImagePickerViewController.m */; };
		3A7E377B1871209900D08245 /* MQCollectionViewController.m in Sources */ = {isa = PBXBuildFile; fileRef = 3A7E37761871209900D08245 /* MQCollectionViewController.m */; };
		3A7E377C1871209900D08245 /* MQImageCollectionView.m in Sources */ = {isa = PBXBuildFile; fileRef = 3A7E37781871209900D08245 /* MQImageCollectionView.m */; };
		3A7E377D1871209900D08245 /* ImageCell.m in Sources */ = {isa = PBXBuildFile; fileRef = 3A7E377A1871209900D08245 /* ImageCell.m */; };
		3A7E377F1871210000D08245 /* CoreImage.framework in Frameworks */ = {isa = PBXBuildFile; fileRef = 3A7E377E1871210000D08245 /* CoreImage.framework */; };
		3A7E3785187123E400D08245 /* ImageUtil.m in Sources */ = {isa = PBXBuildFile; fileRef = 3A7E3784187123E400D08245 /* ImageUtil.m */; };
		3A7E37891871243400D08245 /* CustomeCellBackGround.m in Sources */ = {isa = PBXBuildFile; fileRef = 3A7E37881871243400D08245 /* CustomeCellBackGround.m */; };
		3A7E378B1871294F00D08245 /* imagePicker_button.jpg in Resources */ = {isa = PBXBuildFile; fileRef = 3A7E378A1871294F00D08245 /* imagePicker_button.jpg */; };
		3A7E378D187129F400D08245 /* dog.jpg in Resources */ = {isa = PBXBuildFile; fileRef = 3A7E378C187129F400D08245 /* dog.jpg */; };
		3A9CE56F18681CDD007232F8 /* HMEditView.m in Sources */ = {isa = PBXBuildFile; fileRef = 3A9CE56E18681CDD007232F8 /* HMEditView.m */; };
		3A9CE5731868206A007232F8 /* MessageUI.framework in Frameworks */ = {isa = PBXBuildFile; fileRef = 3A9CE5721868206A007232F8 /* MessageUI.framework */; };
		3A9CE5761868208A007232F8 /* HMMailComposeViewController.m in Sources */ = {isa = PBXBuildFile; fileRef = 3A9CE5751868208A007232F8 /* HMMailComposeViewController.m */; };
		3A9CE579186BDF73007232F8 /* HMEmailComposerView.m in Sources */ = {isa = PBXBuildFile; fileRef = 3A9CE578186BDF73007232F8 /* HMEmailComposerView.m */; };
		3A9CE57F186EB7DF007232F8 /* MOButton.m in Sources */ = {isa = PBXBuildFile; fileRef = 3A9CE57C186EB7DF007232F8 /* MOButton.m */; };
		3A9CE580186EB7DF007232F8 /* MOGlassButton.m in Sources */ = {isa = PBXBuildFile; fileRef = 3A9CE57E186EB7DF007232F8 /* MOGlassButton.m */; };
		3AAD10901877F44600CF87AD /* HMSubTitleView.m in Sources */ = {isa = PBXBuildFile; fileRef = 3AAD108F1877F44500CF87AD /* HMSubTitleView.m */; };
		3AAD1093187A466300CF87AD /* HMImageFilterView.m in Sources */ = {isa = PBXBuildFile; fileRef = 3AAD1092187A466300CF87AD /* HMImageFilterView.m */; };
		3AAD1096187D3BE600CF87AD /* MQInteractionViewController.m in Sources */ = {isa = PBXBuildFile; fileRef = 3AAD1095187D3BE600CF87AD /* MQInteractionViewController.m */; };
		CD4A6FE11866E2D0001E748F /* Foundation.framework in Frameworks */ = {isa = PBXBuildFile; fileRef = CD4A6FE01866E2D0001E748F /* Foundation.framework */; };
		CD4A6FE31866E2D0001E748F /* CoreGraphics.framework in Frameworks */ = {isa = PBXBuildFile; fileRef = CD4A6FE21866E2D0001E748F /* CoreGraphics.framework */; };
		CD4A6FE51866E2D0001E748F /* UIKit.framework in Frameworks */ = {isa = PBXBuildFile; fileRef = CD4A6FE41866E2D0001E748F /* UIKit.framework */; };
		CD4A6FE71866E2D0001E748F /* CoreData.framework in Frameworks */ = {isa = PBXBuildFile; fileRef = CD4A6FE61866E2D0001E748F /* CoreData.framework */; };
		CD4A6FED1866E2D0001E748F /* InfoPlist.strings in Resources */ = {isa = PBXBuildFile; fileRef = CD4A6FEB1866E2D0001E748F /* InfoPlist.strings */; };
		CD4A6FEF1866E2D0001E748F /* main.m in Sources */ = {isa = PBXBuildFile; fileRef = CD4A6FEE1866E2D0001E748F /* main.m */; };
		CD4A6FF31866E2D0001E748F /* HMAppDelegate.m in Sources */ = {isa = PBXBuildFile; fileRef = CD4A6FF21866E2D0001E748F /* HMAppDelegate.m */; };
		CD4A6FF61866E2D0001E748F /* FutureMail.xcdatamodeld in Sources */ = {isa = PBXBuildFile; fileRef = CD4A6FF41866E2D0001E748F /* FutureMail.xcdatamodeld */; };
		CD4A6FF81866E2D0001E748F /* Images.xcassets in Resources */ = {isa = PBXBuildFile; fileRef = CD4A6FF71866E2D0001E748F /* Images.xcassets */; };
		CD4A6FFF1866E2D0001E748F /* XCTest.framework in Frameworks */ = {isa = PBXBuildFile; fileRef = CD4A6FFE1866E2D0001E748F /* XCTest.framework */; };
		CD4A70001866E2D0001E748F /* Foundation.framework in Frameworks */ = {isa = PBXBuildFile; fileRef = CD4A6FE01866E2D0001E748F /* Foundation.framework */; };
		CD4A70011866E2D0001E748F /* UIKit.framework in Frameworks */ = {isa = PBXBuildFile; fileRef = CD4A6FE41866E2D0001E748F /* UIKit.framework */; };
		CD4A70021866E2D0001E748F /* CoreData.framework in Frameworks */ = {isa = PBXBuildFile; fileRef = CD4A6FE61866E2D0001E748F /* CoreData.framework */; };
		CD4A700A1866E2D0001E748F /* InfoPlist.strings in Resources */ = {isa = PBXBuildFile; fileRef = CD4A70081866E2D0001E748F /* InfoPlist.strings */; };
		CD4A700C1866E2D0001E748F /* FutureMailTests.m in Sources */ = {isa = PBXBuildFile; fileRef = CD4A700B1866E2D0001E748F /* FutureMailTests.m */; };
		CD4A70201866E493001E748F /* UIFont+HMFont.m in Sources */ = {isa = PBXBuildFile; fileRef = CD4A701F1866E493001E748F /* UIFont+HMFont.m */; };
		CD4A70231866E51C001E748F /* UIImage+HMAdditions.m in Sources */ = {isa = PBXBuildFile; fileRef = CD4A70221866E51C001E748F /* UIImage+HMAdditions.m */; };
		CD4A70261866E5DF001E748F /* HMUtils.m in Sources */ = {isa = PBXBuildFile; fileRef = CD4A70251866E5DF001E748F /* HMUtils.m */; };
		CD4A70291866E6B0001E748F /* UIColor+HMColor.m in Sources */ = {isa = PBXBuildFile; fileRef = CD4A70281866E6B0001E748F /* UIColor+HMColor.m */; };
		CD4A702C1866E767001E748F /* HMViewController.m in Sources */ = {isa = PBXBuildFile; fileRef = CD4A702B1866E767001E748F /* HMViewController.m */; };
		CD4A702F1866E89A001E748F /* HMEnvironment.m in Sources */ = {isa = PBXBuildFile; fileRef = CD4A702E1866E89A001E748F /* HMEnvironment.m */; };
		CD4A70321866EC8C001E748F /* HMAppDataStore.m in Sources */ = {isa = PBXBuildFile; fileRef = CD4A70311866EC8C001E748F /* HMAppDataStore.m */; };
		CD4A70351866EE88001E748F /* HMMainMenuViewController.m in Sources */ = {isa = PBXBuildFile; fileRef = CD4A70341866EE88001E748F /* HMMainMenuViewController.m */; };
		CD4A70391866F696001E748F /* UINavigationController+HMAdditions.m in Sources */ = {isa = PBXBuildFile; fileRef = CD4A70381866F696001E748F /* UINavigationController+HMAdditions.m */; };
		CD4A703C1866FE93001E748F /* HMMainMenuView.m in Sources */ = {isa = PBXBuildFile; fileRef = CD4A703B1866FE93001E748F /* HMMainMenuView.m */; };
		CD4A70401866FF70001E748F /* UIView+position.m in Sources */ = {isa = PBXBuildFile; fileRef = CD4A703F1866FF70001E748F /* UIView+position.m */; };
		CD4A704218670026001E748F /* main_menu_background.png in Resources */ = {isa = PBXBuildFile; fileRef = CD4A704118670026001E748F /* main_menu_background.png */; };
		CD4A70481867F6C8001E748F /* HMMainMenuButton.m in Sources */ = {isa = PBXBuildFile; fileRef = CD4A70471867F6C8001E748F /* HMMainMenuButton.m */; };
		CD4A704B1867F727001E748F /* UIButton+HMAdditions.m in Sources */ = {isa = PBXBuildFile; fileRef = CD4A704A1867F727001E748F /* UIButton+HMAdditions.m */; };
		CD4A704E18680671001E748F /* HMTheme.m in Sources */ = {isa = PBXBuildFile; fileRef = CD4A704D18680671001E748F /* HMTheme.m */; };
/* End PBXBuildFile section */

/* Begin PBXContainerItemProxy section */
		CD4A70031866E2D0001E748F /* PBXContainerItemProxy */ = {
			isa = PBXContainerItemProxy;
			containerPortal = CD4A6FD51866E2D0001E748F /* Project object */;
			proxyType = 1;
			remoteGlobalIDString = CD4A6FDC1866E2D0001E748F;
			remoteInfo = FutureMail;
		};
/* End PBXContainerItemProxy section */

/* Begin PBXFileReference section */
		3A7E3743186F614700D08245 /* bar_select.png */ = {isa = PBXFileReference; lastKnownFileType = image.png; path = bar_select.png; sourceTree = "<group>"; };
		3A7E3744186F614700D08245 /* colormap.png */ = {isa = PBXFileReference; lastKnownFileType = image.png; path = colormap.png; sourceTree = "<group>"; };
		3A7E3745186F614700D08245 /* crosshair.png */ = {isa = PBXFileReference; lastKnownFileType = image.png; path = crosshair.png; sourceTree = "<group>"; };
		3A7E3746186F614700D08245 /* Default.png */ = {isa = PBXFileReference; lastKnownFileType = image.png; path = Default.png; sourceTree = "<group>"; };
		3A7E3747186F614700D08245 /* Icon.png */ = {isa = PBXFileReference; lastKnownFileType = image.png; path = Icon.png; sourceTree = "<group>"; };
		3A7E374E186F61E000D08245 /* ColorPickerView.h */ = {isa = PBXFileReference; fileEncoding = 4; lastKnownFileType = sourcecode.c.h; path = ColorPickerView.h; sourceTree = "<group>"; };
		3A7E374F186F61E000D08245 /* ColorPickerView.m */ = {isa = PBXFileReference; fileEncoding = 4; lastKnownFileType = sourcecode.c.objc; path = ColorPickerView.m; sourceTree = "<group>"; };
		3A7E3750186F61E000D08245 /* ColorPickerViewController.h */ = {isa = PBXFileReference; fileEncoding = 4; lastKnownFileType = sourcecode.c.h; path = ColorPickerViewController.h; sourceTree = "<group>"; };
		3A7E3751186F61E000D08245 /* ColorPickerViewController.m */ = {isa = PBXFileReference; fileEncoding = 4; lastKnownFileType = sourcecode.c.objc; path = ColorPickerViewController.m; sourceTree = "<group>"; };
		3A7E3752186F61E000D08245 /* ColorSwatchView.h */ = {isa = PBXFileReference; fileEncoding = 4; lastKnownFileType = sourcecode.c.h; path = ColorSwatchView.h; sourceTree = "<group>"; };
		3A7E3753186F61E000D08245 /* ColorSwatchView.m */ = {isa = PBXFileReference; fileEncoding = 4; lastKnownFileType = sourcecode.c.objc; path = ColorSwatchView.m; sourceTree = "<group>"; };
		3A7E3754186F61E000D08245 /* Constants.h */ = {isa = PBXFileReference; fileEncoding = 4; lastKnownFileType = sourcecode.c.h; path = Constants.h; sourceTree = "<group>"; };
		3A7E3755186F61E000D08245 /* GradientView.h */ = {isa = PBXFileReference; fileEncoding = 4; lastKnownFileType = sourcecode.c.h; path = GradientView.h; sourceTree = "<group>"; };
		3A7E3756186F61E000D08245 /* GradientView.m */ = {isa = PBXFileReference; fileEncoding = 4; lastKnownFileType = sourcecode.c.objc; path = GradientView.m; sourceTree = "<group>"; };
		3A7E3757186F61E000D08245 /* UIColor-Expanded.h */ = {isa = PBXFileReference; fileEncoding = 4; lastKnownFileType = sourcecode.c.h; path = "UIColor-Expanded.h"; sourceTree = "<group>"; };
		3A7E3758186F61E000D08245 /* UIColor-Expanded.m */ = {isa = PBXFileReference; fileEncoding = 4; lastKnownFileType = sourcecode.c.objc; path = "UIColor-Expanded.m"; sourceTree = "<group>"; };
		3A7E3759186F61E000D08245 /* UIColor-HSVAdditions.h */ = {isa = PBXFileReference; fileEncoding = 4; lastKnownFileType = sourcecode.c.h; path = "UIColor-HSVAdditions.h"; sourceTree = "<group>"; };
		3A7E375A186F61E000D08245 /* UIColor-HSVAdditions.m */ = {isa = PBXFileReference; fileEncoding = 4; lastKnownFileType = sourcecode.c.objc; path = "UIColor-HSVAdditions.m"; sourceTree = "<group>"; };
		3A7E3761186F632C00D08245 /* ColorPickerViewController.xib */ = {isa = PBXFileReference; fileEncoding = 4; lastKnownFileType = file.xib; path = ColorPickerViewController.xib; sourceTree = "<group>"; };
		3A7E376E18710E6A00D08245 /* painter_button.jpg */ = {isa = PBXFileReference; lastKnownFileType = image.jpeg; name = painter_button.jpg; path = Resources/painter_button.jpg; sourceTree = "<group>"; };
		3A7E377018710E7600D08245 /* send_button.jpg */ = {isa = PBXFileReference; lastKnownFileType = image.jpeg; name = send_button.jpg; path = Resources/send_button.jpg; sourceTree = "<group>"; };
		3A7E377218711FDE00D08245 /* HMImagePickerViewController.h */ = {isa = PBXFileReference; fileEncoding = 4; lastKnownFileType = sourcecode.c.h; path = HMImagePickerViewController.h; sourceTree = "<group>"; };
		3A7E377318711FDE00D08245 /* HMImagePickerViewController.m */ = {isa = PBXFileReference; fileEncoding = 4; lastKnownFileType = sourcecode.c.objc; path = HMImagePickerViewController.m; sourceTree = "<group>"; };
		3A7E37751871209900D08245 /* MQCollectionViewController.h */ = {isa = PBXFileReference; fileEncoding = 4; lastKnownFileType = sourcecode.c.h; path = MQCollectionViewController.h; sourceTree = "<group>"; };
		3A7E37761871209900D08245 /* MQCollectionViewController.m */ = {isa = PBXFileReference; fileEncoding = 4; lastKnownFileType = sourcecode.c.objc; path = MQCollectionViewController.m; sourceTree = "<group>"; };
		3A7E37771871209900D08245 /* MQImageCollectionView.h */ = {isa = PBXFileReference; fileEncoding = 4; lastKnownFileType = sourcecode.c.h; path = MQImageCollectionView.h; sourceTree = "<group>"; };
		3A7E37781871209900D08245 /* MQImageCollectionView.m */ = {isa = PBXFileReference; fileEncoding = 4; lastKnownFileType = sourcecode.c.objc; path = MQImageCollectionView.m; sourceTree = "<group>"; };
		3A7E37791871209900D08245 /* ImageCell.h */ = {isa = PBXFileReference; fileEncoding = 4; lastKnownFileType = sourcecode.c.h; path = ImageCell.h; sourceTree = "<group>"; };
		3A7E377A1871209900D08245 /* ImageCell.m */ = {isa = PBXFileReference; fileEncoding = 4; lastKnownFileType = sourcecode.c.objc; path = ImageCell.m; sourceTree = "<group>"; };
		3A7E377E1871210000D08245 /* CoreImage.framework */ = {isa = PBXFileReference; lastKnownFileType = wrapper.framework; name = CoreImage.framework; path = System/Library/Frameworks/CoreImage.framework; sourceTree = SDKROOT; };
		3A7E3783187123E400D08245 /* ImageUtil.h */ = {isa = PBXFileReference; fileEncoding = 4; lastKnownFileType = sourcecode.c.h; name = ImageUtil.h; path = "../../../Public/Xcode Project/ImageTest/ImageUtil.h"; sourceTree = "<group>"; };
		3A7E3784187123E400D08245 /* ImageUtil.m */ = {isa = PBXFileReference; fileEncoding = 4; lastKnownFileType = sourcecode.c.objc; name = ImageUtil.m; path = "../../../Public/Xcode Project/ImageTest/ImageUtil.m"; sourceTree = "<group>"; };
		3A7E37871871243400D08245 /* CustomeCellBackGround.h */ = {isa = PBXFileReference; fileEncoding = 4; lastKnownFileType = sourcecode.c.h; name = CustomeCellBackGround.h; path = "../../../Public/Xcode Project/ImageTest/CustomeCellBackGround.h"; sourceTree = "<group>"; };
		3A7E37881871243400D08245 /* CustomeCellBackGround.m */ = {isa = PBXFileReference; fileEncoding = 4; lastKnownFileType = sourcecode.c.objc; name = CustomeCellBackGround.m; path = "../../../Public/Xcode Project/ImageTest/CustomeCellBackGround.m"; sourceTree = "<group>"; };
		3A7E378A1871294F00D08245 /* imagePicker_button.jpg */ = {isa = PBXFileReference; lastKnownFileType = image.jpeg; name = imagePicker_button.jpg; path = Resources/imagePicker_button.jpg; sourceTree = "<group>"; };
		3A7E378C187129F400D08245 /* dog.jpg */ = {isa = PBXFileReference; lastKnownFileType = image.jpeg; name = dog.jpg; path = Resources/dog.jpg; sourceTree = "<group>"; };
		3A9CE56D18681CDD007232F8 /* HMEditView.h */ = {isa = PBXFileReference; fileEncoding = 4; lastKnownFileType = sourcecode.c.h; path = HMEditView.h; sourceTree = "<group>"; };
		3A9CE56E18681CDD007232F8 /* HMEditView.m */ = {isa = PBXFileReference; fileEncoding = 4; lastKnownFileType = sourcecode.c.objc; path = HMEditView.m; sourceTree = "<group>"; };
		3A9CE5721868206A007232F8 /* MessageUI.framework */ = {isa = PBXFileReference; lastKnownFileType = wrapper.framework; name = MessageUI.framework; path = System/Library/Frameworks/MessageUI.framework; sourceTree = SDKROOT; };
		3A9CE5741868208A007232F8 /* HMMailComposeViewController.h */ = {isa = PBXFileReference; fileEncoding = 4; lastKnownFileType = sourcecode.c.h; path = HMMailComposeViewController.h; sourceTree = "<group>"; };
		3A9CE5751868208A007232F8 /* HMMailComposeViewController.m */ = {isa = PBXFileReference; fileEncoding = 4; lastKnownFileType = sourcecode.c.objc; path = HMMailComposeViewController.m; sourceTree = "<group>"; };
		3A9CE577186BDF73007232F8 /* HMEmailComposerView.h */ = {isa = PBXFileReference; fileEncoding = 4; lastKnownFileType = sourcecode.c.h; path = HMEmailComposerView.h; sourceTree = "<group>"; };
		3A9CE578186BDF73007232F8 /* HMEmailComposerView.m */ = {isa = PBXFileReference; fileEncoding = 4; lastKnownFileType = sourcecode.c.objc; path = HMEmailComposerView.m; sourceTree = "<group>"; };
		3A9CE57B186EB7DF007232F8 /* MOButton.h */ = {isa = PBXFileReference; fileEncoding = 4; lastKnownFileType = sourcecode.c.h; path = MOButton.h; sourceTree = "<group>"; };
		3A9CE57C186EB7DF007232F8 /* MOButton.m */ = {isa = PBXFileReference; fileEncoding = 4; lastKnownFileType = sourcecode.c.objc; path = MOButton.m; sourceTree = "<group>"; };
		3A9CE57D186EB7DF007232F8 /* MOGlassButton.h */ = {isa = PBXFileReference; fileEncoding = 4; lastKnownFileType = sourcecode.c.h; path = MOGlassButton.h; sourceTree = "<group>"; };
		3A9CE57E186EB7DF007232F8 /* MOGlassButton.m */ = {isa = PBXFileReference; fileEncoding = 4; lastKnownFileType = sourcecode.c.objc; path = MOGlassButton.m; sourceTree = "<group>"; };
		3AAD108E1877F44500CF87AD /* HMSubTitleView.h */ = {isa = PBXFileReference; fileEncoding = 4; lastKnownFileType = sourcecode.c.h; path = HMSubTitleView.h; sourceTree = "<group>"; };
		3AAD108F1877F44500CF87AD /* HMSubTitleView.m */ = {isa = PBXFileReference; fileEncoding = 4; lastKnownFileType = sourcecode.c.objc; path = HMSubTitleView.m; sourceTree = "<group>"; };
		3AAD1091187A466300CF87AD /* HMImageFilterView.h */ = {isa = PBXFileReference; fileEncoding = 4; lastKnownFileType = sourcecode.c.h; path = HMImageFilterView.h; sourceTree = "<group>"; };
		3AAD1092187A466300CF87AD /* HMImageFilterView.m */ = {isa = PBXFileReference; fileEncoding = 4; lastKnownFileType = sourcecode.c.objc; path = HMImageFilterView.m; sourceTree = "<group>"; };
		3AAD1094187D3BE600CF87AD /* MQInteractionViewController.h */ = {isa = PBXFileReference; fileEncoding = 4; lastKnownFileType = sourcecode.c.h; path = MQInteractionViewController.h; sourceTree = "<group>"; };
		3AAD1095187D3BE600CF87AD /* MQInteractionViewController.m */ = {isa = PBXFileReference; fileEncoding = 4; lastKnownFileType = sourcecode.c.objc; path = MQInteractionViewController.m; sourceTree = "<group>"; };
		CD4A6FDD1866E2D0001E748F /* FutureMail.app */ = {isa = PBXFileReference; explicitFileType = wrapper.application; includeInIndex = 0; path = FutureMail.app; sourceTree = BUILT_PRODUCTS_DIR; };
		CD4A6FE01866E2D0001E748F /* Foundation.framework */ = {isa = PBXFileReference; lastKnownFileType = wrapper.framework; name = Foundation.framework; path = System/Library/Frameworks/Foundation.framework; sourceTree = SDKROOT; };
		CD4A6FE21866E2D0001E748F /* CoreGraphics.framework */ = {isa = PBXFileReference; lastKnownFileType = wrapper.framework; name = CoreGraphics.framework; path = System/Library/Frameworks/CoreGraphics.framework; sourceTree = SDKROOT; };
		CD4A6FE41866E2D0001E748F /* UIKit.framework */ = {isa = PBXFileReference; lastKnownFileType = wrapper.framework; name = UIKit.framework; path = System/Library/Frameworks/UIKit.framework; sourceTree = SDKROOT; };
		CD4A6FE61866E2D0001E748F /* CoreData.framework */ = {isa = PBXFileReference; lastKnownFileType = wrapper.framework; name = CoreData.framework; path = System/Library/Frameworks/CoreData.framework; sourceTree = SDKROOT; };
		CD4A6FEA1866E2D0001E748F /* FutureMail-Info.plist */ = {isa = PBXFileReference; lastKnownFileType = text.plist.xml; path = "FutureMail-Info.plist"; sourceTree = "<group>"; };
		CD4A6FEC1866E2D0001E748F /* en */ = {isa = PBXFileReference; lastKnownFileType = text.plist.strings; name = en; path = en.lproj/InfoPlist.strings; sourceTree = "<group>"; };
		CD4A6FEE1866E2D0001E748F /* main.m */ = {isa = PBXFileReference; lastKnownFileType = sourcecode.c.objc; path = main.m; sourceTree = "<group>"; };
		CD4A6FF01866E2D0001E748F /* FutureMail-Prefix.pch */ = {isa = PBXFileReference; lastKnownFileType = sourcecode.c.h; path = "FutureMail-Prefix.pch"; sourceTree = "<group>"; };
		CD4A6FF11866E2D0001E748F /* HMAppDelegate.h */ = {isa = PBXFileReference; lastKnownFileType = sourcecode.c.h; path = HMAppDelegate.h; sourceTree = "<group>"; };
		CD4A6FF21866E2D0001E748F /* HMAppDelegate.m */ = {isa = PBXFileReference; lastKnownFileType = sourcecode.c.objc; path = HMAppDelegate.m; sourceTree = "<group>"; };
		CD4A6FF51866E2D0001E748F /* FutureMail.xcdatamodel */ = {isa = PBXFileReference; lastKnownFileType = wrapper.xcdatamodel; path = FutureMail.xcdatamodel; sourceTree = "<group>"; };
		CD4A6FF71866E2D0001E748F /* Images.xcassets */ = {isa = PBXFileReference; lastKnownFileType = folder.assetcatalog; path = Images.xcassets; sourceTree = "<group>"; };
		CD4A6FFD1866E2D0001E748F /* FutureMailTests.xctest */ = {isa = PBXFileReference; explicitFileType = wrapper.cfbundle; includeInIndex = 0; path = FutureMailTests.xctest; sourceTree = BUILT_PRODUCTS_DIR; };
		CD4A6FFE1866E2D0001E748F /* XCTest.framework */ = {isa = PBXFileReference; lastKnownFileType = wrapper.framework; name = XCTest.framework; path = Library/Frameworks/XCTest.framework; sourceTree = DEVELOPER_DIR; };
		CD4A70071866E2D0001E748F /* FutureMailTests-Info.plist */ = {isa = PBXFileReference; lastKnownFileType = text.plist.xml; path = "FutureMailTests-Info.plist"; sourceTree = "<group>"; };
		CD4A70091866E2D0001E748F /* en */ = {isa = PBXFileReference; lastKnownFileType = text.plist.strings; name = en; path = en.lproj/InfoPlist.strings; sourceTree = "<group>"; };
		CD4A700B1866E2D0001E748F /* FutureMailTests.m */ = {isa = PBXFileReference; lastKnownFileType = sourcecode.c.objc; path = FutureMailTests.m; sourceTree = "<group>"; };
		CD4A701E1866E493001E748F /* UIFont+HMFont.h */ = {isa = PBXFileReference; fileEncoding = 4; lastKnownFileType = sourcecode.c.h; name = "UIFont+HMFont.h"; path = "Classes/Categories/UIFont+HMFont.h"; sourceTree = "<group>"; };
		CD4A701F1866E493001E748F /* UIFont+HMFont.m */ = {isa = PBXFileReference; fileEncoding = 4; lastKnownFileType = sourcecode.c.objc; name = "UIFont+HMFont.m"; path = "Classes/Categories/UIFont+HMFont.m"; sourceTree = "<group>"; };
		CD4A70211866E51C001E748F /* UIImage+HMAdditions.h */ = {isa = PBXFileReference; fileEncoding = 4; lastKnownFileType = sourcecode.c.h; name = "UIImage+HMAdditions.h"; path = "Classes/Categories/UIImage+HMAdditions.h"; sourceTree = "<group>"; };
		CD4A70221866E51C001E748F /* UIImage+HMAdditions.m */ = {isa = PBXFileReference; fileEncoding = 4; lastKnownFileType = sourcecode.c.objc; name = "UIImage+HMAdditions.m"; path = "Classes/Categories/UIImage+HMAdditions.m"; sourceTree = "<group>"; };
		CD4A70241866E5DF001E748F /* HMUtils.h */ = {isa = PBXFileReference; fileEncoding = 4; lastKnownFileType = sourcecode.c.h; name = HMUtils.h; path = Classes/HMUtils.h; sourceTree = "<group>"; };
		CD4A70251866E5DF001E748F /* HMUtils.m */ = {isa = PBXFileReference; fileEncoding = 4; lastKnownFileType = sourcecode.c.objc; name = HMUtils.m; path = Classes/HMUtils.m; sourceTree = "<group>"; };
		CD4A70271866E6B0001E748F /* UIColor+HMColor.h */ = {isa = PBXFileReference; fileEncoding = 4; lastKnownFileType = sourcecode.c.h; name = "UIColor+HMColor.h"; path = "Classes/Categories/UIColor+HMColor.h"; sourceTree = "<group>"; };
		CD4A70281866E6B0001E748F /* UIColor+HMColor.m */ = {isa = PBXFileReference; fileEncoding = 4; lastKnownFileType = sourcecode.c.objc; name = "UIColor+HMColor.m"; path = "Classes/Categories/UIColor+HMColor.m"; sourceTree = "<group>"; };
		CD4A702A1866E767001E748F /* HMViewController.h */ = {isa = PBXFileReference; fileEncoding = 4; lastKnownFileType = sourcecode.c.h; name = HMViewController.h; path = Classes/Controllers/HMViewController.h; sourceTree = "<group>"; };
		CD4A702B1866E767001E748F /* HMViewController.m */ = {isa = PBXFileReference; fileEncoding = 4; lastKnownFileType = sourcecode.c.objc; name = HMViewController.m; path = Classes/Controllers/HMViewController.m; sourceTree = "<group>"; };
		CD4A702D1866E89A001E748F /* HMEnvironment.h */ = {isa = PBXFileReference; fileEncoding = 4; lastKnownFileType = sourcecode.c.h; name = HMEnvironment.h; path = Classes/HMEnvironment.h; sourceTree = "<group>"; };
		CD4A702E1866E89A001E748F /* HMEnvironment.m */ = {isa = PBXFileReference; fileEncoding = 4; lastKnownFileType = sourcecode.c.objc; name = HMEnvironment.m; path = Classes/HMEnvironment.m; sourceTree = "<group>"; };
		CD4A70301866EC8C001E748F /* HMAppDataStore.h */ = {isa = PBXFileReference; fileEncoding = 4; lastKnownFileType = sourcecode.c.h; name = HMAppDataStore.h; path = Classes/HMAppDataStore.h; sourceTree = "<group>"; };
		CD4A70311866EC8C001E748F /* HMAppDataStore.m */ = {isa = PBXFileReference; fileEncoding = 4; lastKnownFileType = sourcecode.c.objc; name = HMAppDataStore.m; path = Classes/HMAppDataStore.m; sourceTree = "<group>"; };
		CD4A70331866EE88001E748F /* HMMainMenuViewController.h */ = {isa = PBXFileReference; fileEncoding = 4; lastKnownFileType = sourcecode.c.h; name = HMMainMenuViewController.h; path = Classes/Controllers/HMMainMenuViewController.h; sourceTree = "<group>"; };
		CD4A70341866EE88001E748F /* HMMainMenuViewController.m */ = {isa = PBXFileReference; fileEncoding = 4; lastKnownFileType = sourcecode.c.objc; name = HMMainMenuViewController.m; path = Classes/Controllers/HMMainMenuViewController.m; sourceTree = "<group>"; };
		CD4A70371866F696001E748F /* UINavigationController+HMAdditions.h */ = {isa = PBXFileReference; fileEncoding = 4; lastKnownFileType = sourcecode.c.h; name = "UINavigationController+HMAdditions.h"; path = "Classes/Categories/UINavigationController+HMAdditions.h"; sourceTree = "<group>"; };
		CD4A70381866F696001E748F /* UINavigationController+HMAdditions.m */ = {isa = PBXFileReference; fileEncoding = 4; lastKnownFileType = sourcecode.c.objc; name = "UINavigationController+HMAdditions.m"; path = "Classes/Categories/UINavigationController+HMAdditions.m"; sourceTree = "<group>"; };
		CD4A703A1866FE93001E748F /* HMMainMenuView.h */ = {isa = PBXFileReference; fileEncoding = 4; lastKnownFileType = sourcecode.c.h; name = HMMainMenuView.h; path = Classes/Views/HMMainMenuView.h; sourceTree = "<group>"; };
		CD4A703B1866FE93001E748F /* HMMainMenuView.m */ = {isa = PBXFileReference; fileEncoding = 4; lastKnownFileType = sourcecode.c.objc; name = HMMainMenuView.m; path = Classes/Views/HMMainMenuView.m; sourceTree = "<group>"; };
		CD4A703E1866FF70001E748F /* UIView+position.h */ = {isa = PBXFileReference; fileEncoding = 4; lastKnownFileType = sourcecode.c.h; name = "UIView+position.h"; path = "Vendor/UIView-Position/UIView+position.h"; sourceTree = "<group>"; };
		CD4A703F1866FF70001E748F /* UIView+position.m */ = {isa = PBXFileReference; fileEncoding = 4; lastKnownFileType = sourcecode.c.objc; name = "UIView+position.m"; path = "Vendor/UIView-Position/UIView+position.m"; sourceTree = "<group>"; };
		CD4A704118670026001E748F /* main_menu_background.png */ = {isa = PBXFileReference; lastKnownFileType = image.png; name = main_menu_background.png; path = Resources/main_menu_background.png; sourceTree = "<group>"; };
		CD4A70461867F6C8001E748F /* HMMainMenuButton.h */ = {isa = PBXFileReference; fileEncoding = 4; lastKnownFileType = sourcecode.c.h; name = HMMainMenuButton.h; path = Classes/Views/HMMainMenuButton.h; sourceTree = "<group>"; };
		CD4A70471867F6C8001E748F /* HMMainMenuButton.m */ = {isa = PBXFileReference; fileEncoding = 4; lastKnownFileType = sourcecode.c.objc; name = HMMainMenuButton.m; path = Classes/Views/HMMainMenuButton.m; sourceTree = "<group>"; };
		CD4A70491867F727001E748F /* UIButton+HMAdditions.h */ = {isa = PBXFileReference; fileEncoding = 4; lastKnownFileType = sourcecode.c.h; name = "UIButton+HMAdditions.h"; path = "Classes/Categories/UIButton+HMAdditions.h"; sourceTree = "<group>"; };
		CD4A704A1867F727001E748F /* UIButton+HMAdditions.m */ = {isa = PBXFileReference; fileEncoding = 4; lastKnownFileType = sourcecode.c.objc; name = "UIButton+HMAdditions.m"; path = "Classes/Categories/UIButton+HMAdditions.m"; sourceTree = "<group>"; };
		CD4A704C18680671001E748F /* HMTheme.h */ = {isa = PBXFileReference; fileEncoding = 4; lastKnownFileType = sourcecode.c.h; name = HMTheme.h; path = Classes/HMTheme.h; sourceTree = "<group>"; };
		CD4A704D18680671001E748F /* HMTheme.m */ = {isa = PBXFileReference; fileEncoding = 4; lastKnownFileType = sourcecode.c.objc; name = HMTheme.m; path = Classes/HMTheme.m; sourceTree = "<group>"; };
/* End PBXFileReference section */

/* Begin PBXFrameworksBuildPhase section */
		CD4A6FDA1866E2D0001E748F /* Frameworks */ = {
			isa = PBXFrameworksBuildPhase;
			buildActionMask = 2147483647;
			files = (
				3A7E377F1871210000D08245 /* CoreImage.framework in Frameworks */,
				3A9CE5731868206A007232F8 /* MessageUI.framework in Frameworks */,
				CD4A6FE31866E2D0001E748F /* CoreGraphics.framework in Frameworks */,
				CD4A6FE71866E2D0001E748F /* CoreData.framework in Frameworks */,
				CD4A6FE51866E2D0001E748F /* UIKit.framework in Frameworks */,
				CD4A6FE11866E2D0001E748F /* Foundation.framework in Frameworks */,
			);
			runOnlyForDeploymentPostprocessing = 0;
		};
		CD4A6FFA1866E2D0001E748F /* Frameworks */ = {
			isa = PBXFrameworksBuildPhase;
			buildActionMask = 2147483647;
			files = (
				CD4A6FFF1866E2D0001E748F /* XCTest.framework in Frameworks */,
				CD4A70021866E2D0001E748F /* CoreData.framework in Frameworks */,
				CD4A70011866E2D0001E748F /* UIKit.framework in Frameworks */,
				CD4A70001866E2D0001E748F /* Foundation.framework in Frameworks */,
			);
			runOnlyForDeploymentPostprocessing = 0;
		};
/* End PBXFrameworksBuildPhase section */

/* Begin PBXGroup section */
		3A7E3742186F614700D08245 /* UI Parts */ = {
			isa = PBXGroup;
			children = (
				3A7E3743186F614700D08245 /* bar_select.png */,
				3A7E3744186F614700D08245 /* colormap.png */,
				3A7E3745186F614700D08245 /* crosshair.png */,
				3A7E3746186F614700D08245 /* Default.png */,
				3A7E3747186F614700D08245 /* Icon.png */,
			);
			path = "UI Parts";
			sourceTree = "<group>";
		};
		3A7E374D186F618900D08245 /* ColorPicker */ = {
			isa = PBXGroup;
			children = (
				3A7E374E186F61E000D08245 /* ColorPickerView.h */,
				3A7E374F186F61E000D08245 /* ColorPickerView.m */,
				3A7E3750186F61E000D08245 /* ColorPickerViewController.h */,
				3A7E3751186F61E000D08245 /* ColorPickerViewController.m */,
				3A7E3752186F61E000D08245 /* ColorSwatchView.h */,
				3A7E3753186F61E000D08245 /* ColorSwatchView.m */,
				3A7E3754186F61E000D08245 /* Constants.h */,
				3A7E3755186F61E000D08245 /* GradientView.h */,
				3A7E3756186F61E000D08245 /* GradientView.m */,
				3A7E3757186F61E000D08245 /* UIColor-Expanded.h */,
				3A7E3758186F61E000D08245 /* UIColor-Expanded.m */,
				3A7E3759186F61E000D08245 /* UIColor-HSVAdditions.h */,
				3A7E375A186F61E000D08245 /* UIColor-HSVAdditions.m */,
			);
			name = ColorPicker;
			sourceTree = "<group>";
		};
		3A7E3786187123E700D08245 /* Util */ = {
			isa = PBXGroup;
			children = (
				3A7E3783187123E400D08245 /* ImageUtil.h */,
				3A7E3784187123E400D08245 /* ImageUtil.m */,
			);
			name = Util;
			sourceTree = "<group>";
		};
		3A9CE57A186EB7C4007232F8 /* Components */ = {
			isa = PBXGroup;
			children = (
				3A7E374D186F618900D08245 /* ColorPicker */,
				3A9CE581186ECBA3007232F8 /* GlassyButton */,
			);
			name = Components;
			sourceTree = "<group>";
		};
		3A9CE581186ECBA3007232F8 /* GlassyButton */ = {
			isa = PBXGroup;
			children = (
				3A9CE57B186EB7DF007232F8 /* MOButton.h */,
				3A9CE57C186EB7DF007232F8 /* MOButton.m */,
				3A9CE57D186EB7DF007232F8 /* MOGlassButton.h */,
				3A9CE57E186EB7DF007232F8 /* MOGlassButton.m */,
			);
			name = GlassyButton;
			sourceTree = "<group>";
		};
		CD4A6FD41866E2D0001E748F = {
			isa = PBXGroup;
			children = (
				CD4A6FE81866E2D0001E748F /* FutureMail */,
				CD4A70051866E2D0001E748F /* FutureMailTests */,
				CD4A6FDF1866E2D0001E748F /* Frameworks */,
				CD4A6FDE1866E2D0001E748F /* Products */,
			);
			sourceTree = "<group>";
		};
		CD4A6FDE1866E2D0001E748F /* Products */ = {
			isa = PBXGroup;
			children = (
				CD4A6FDD1866E2D0001E748F /* FutureMail.app */,
				CD4A6FFD1866E2D0001E748F /* FutureMailTests.xctest */,
			);
			name = Products;
			sourceTree = "<group>";
		};
		CD4A6FDF1866E2D0001E748F /* Frameworks */ = {
			isa = PBXGroup;
			children = (
				3A7E377E1871210000D08245 /* CoreImage.framework */,
				3A9CE5721868206A007232F8 /* MessageUI.framework */,
				CD4A6FE01866E2D0001E748F /* Foundation.framework */,
				CD4A6FE21866E2D0001E748F /* CoreGraphics.framework */,
				CD4A6FE41866E2D0001E748F /* UIKit.framework */,
				CD4A6FE61866E2D0001E748F /* CoreData.framework */,
				CD4A6FFE1866E2D0001E748F /* XCTest.framework */,
			);
			name = Frameworks;
			sourceTree = "<group>";
		};
		CD4A6FE81866E2D0001E748F /* FutureMail */ = {
			isa = PBXGroup;
			children = (
				3A7E3786187123E700D08245 /* Util */,
				3A7E3742186F614700D08245 /* UI Parts */,
				CD4A70171866E32C001E748F /* Classes */,
				CD4A701A1866E366001E748F /* Resources */,
				CD4A6FE91866E2D0001E748F /* Supporting Files */,
				CD4A701C1866E38A001E748F /* Vendors */,
			);
			path = FutureMail;
			sourceTree = "<group>";
		};
		CD4A6FE91866E2D0001E748F /* Supporting Files */ = {
			isa = PBXGroup;
			children = (
				3A7E3761186F632C00D08245 /* ColorPickerViewController.xib */,
				CD4A6FF41866E2D0001E748F /* FutureMail.xcdatamodeld */,
				CD4A6FF71866E2D0001E748F /* Images.xcassets */,
				CD4A6FEA1866E2D0001E748F /* FutureMail-Info.plist */,
				CD4A6FEB1866E2D0001E748F /* InfoPlist.strings */,
				CD4A6FEE1866E2D0001E748F /* main.m */,
				CD4A6FF01866E2D0001E748F /* FutureMail-Prefix.pch */,
			);
			name = "Supporting Files";
			sourceTree = "<group>";
		};
		CD4A70051866E2D0001E748F /* FutureMailTests */ = {
			isa = PBXGroup;
			children = (
				CD4A700B1866E2D0001E748F /* FutureMailTests.m */,
				CD4A70061866E2D0001E748F /* Supporting Files */,
			);
			path = FutureMailTests;
			sourceTree = "<group>";
		};
		CD4A70061866E2D0001E748F /* Supporting Files */ = {
			isa = PBXGroup;
			children = (
				CD4A70071866E2D0001E748F /* FutureMailTests-Info.plist */,
				CD4A70081866E2D0001E748F /* InfoPlist.strings */,
			);
			name = "Supporting Files";
			sourceTree = "<group>";
		};
		CD4A70151866E2ED001E748F /* Models */ = {
			isa = PBXGroup;
			children = (
			);
			name = Models;
			sourceTree = "<group>";
		};
		CD4A70161866E306001E748F /* Categories */ = {
			isa = PBXGroup;
			children = (
				CD4A701E1866E493001E748F /* UIFont+HMFont.h */,
				CD4A701F1866E493001E748F /* UIFont+HMFont.m */,
				CD4A70211866E51C001E748F /* UIImage+HMAdditions.h */,
				CD4A70221866E51C001E748F /* UIImage+HMAdditions.m */,
				CD4A70271866E6B0001E748F /* UIColor+HMColor.h */,
				CD4A70281866E6B0001E748F /* UIColor+HMColor.m */,
				CD4A70371866F696001E748F /* UINavigationController+HMAdditions.h */,
				CD4A70381866F696001E748F /* UINavigationController+HMAdditions.m */,
				CD4A70491867F727001E748F /* UIButton+HMAdditions.h */,
				CD4A704A1867F727001E748F /* UIButton+HMAdditions.m */,
			);
			name = Categories;
			sourceTree = "<group>";
		};
		CD4A70171866E32C001E748F /* Classes */ = {
			isa = PBXGroup;
			children = (
				3A9CE57A186EB7C4007232F8 /* Components */,
				CD4A70161866E306001E748F /* Categories */,
				CD4A70191866E341001E748F /* Controllers */,
				CD4A70301866EC8C001E748F /* HMAppDataStore.h */,
				CD4A70311866EC8C001E748F /* HMAppDataStore.m */,
				CD4A6FF11866E2D0001E748F /* HMAppDelegate.h */,
				CD4A6FF21866E2D0001E748F /* HMAppDelegate.m */,
				CD4A702D1866E89A001E748F /* HMEnvironment.h */,
				CD4A702E1866E89A001E748F /* HMEnvironment.m */,
				CD4A704C18680671001E748F /* HMTheme.h */,
				CD4A704D18680671001E748F /* HMTheme.m */,
				CD4A70241866E5DF001E748F /* HMUtils.h */,
				CD4A70251866E5DF001E748F /* HMUtils.m */,
				CD4A70151866E2ED001E748F /* Models */,
				CD4A701D1866E3B0001E748F /* SharedManagers */,
				CD4A70181866E339001E748F /* Views */,
			);
			name = Classes;
			sourceTree = "<group>";
		};
		CD4A70181866E339001E748F /* Views */ = {
			isa = PBXGroup;
			children = (
				3A7E37871871243400D08245 /* CustomeCellBackGround.h */,
				3A7E37881871243400D08245 /* CustomeCellBackGround.m */,
				3A7E37791871209900D08245 /* ImageCell.h */,
				3A7E377A1871209900D08245 /* ImageCell.m */,
				3A7E37771871209900D08245 /* MQImageCollectionView.h */,
				3A7E37781871209900D08245 /* MQImageCollectionView.m */,
				CD4A703A1866FE93001E748F /* HMMainMenuView.h */,
				CD4A703B1866FE93001E748F /* HMMainMenuView.m */,
				CD4A70461867F6C8001E748F /* HMMainMenuButton.h */,
				CD4A70471867F6C8001E748F /* HMMainMenuButton.m */,
				3A9CE56D18681CDD007232F8 /* HMEditView.h */,
				3A9CE56E18681CDD007232F8 /* HMEditView.m */,
				3A9CE577186BDF73007232F8 /* HMEmailComposerView.h */,
				3A9CE578186BDF73007232F8 /* HMEmailComposerView.m */,
				3AAD108E1877F44500CF87AD /* HMSubTitleView.h */,
				3AAD108F1877F44500CF87AD /* HMSubTitleView.m */,
				3AAD1091187A466300CF87AD /* HMImageFilterView.h */,
				3AAD1092187A466300CF87AD /* HMImageFilterView.m */,
			);
			name = Views;
			sourceTree = "<group>";
		};
		CD4A70191866E341001E748F /* Controllers */ = {
			isa = PBXGroup;
			children = (
				3AAD1094187D3BE600CF87AD /* MQInteractionViewController.h */,
				3AAD1095187D3BE600CF87AD /* MQInteractionViewController.m */,
				3A7E37751871209900D08245 /* MQCollectionViewController.h */,
				3A7E37761871209900D08245 /* MQCollectionViewController.m */,
				CD4A702A1866E767001E748F /* HMViewController.h */,
				CD4A702B1866E767001E748F /* HMViewController.m */,
				CD4A70331866EE88001E748F /* HMMainMenuViewController.h */,
				CD4A70341866EE88001E748F /* HMMainMenuViewController.m */,
				3A9CE5741868208A007232F8 /* HMMailComposeViewController.h */,
				3A9CE5751868208A007232F8 /* HMMailComposeViewController.m */,
				3A7E377218711FDE00D08245 /* HMImagePickerViewController.h */,
				3A7E377318711FDE00D08245 /* HMImagePickerViewController.m */,
			);
			name = Controllers;
			sourceTree = "<group>";
		};
		CD4A701A1866E366001E748F /* Resources */ = {
			isa = PBXGroup;
			children = (
				CD4A701B1866E37A001E748F /* Images */,
			);
			name = Resources;
			sourceTree = "<group>";
		};
		CD4A701B1866E37A001E748F /* Images */ = {
			isa = PBXGroup;
			children = (
				3A7E378C187129F400D08245 /* dog.jpg */,
				3A7E378A1871294F00D08245 /* imagePicker_button.jpg */,
				3A7E377018710E7600D08245 /* send_button.jpg */,
				3A7E376E18710E6A00D08245 /* painter_button.jpg */,
				CD4A704118670026001E748F /* main_menu_background.png */,
			);
			name = Images;
			sourceTree = "<group>";
		};
		CD4A701C1866E38A001E748F /* Vendors */ = {
			isa = PBXGroup;
			children = (
				CD4A703D1866FF41001E748F /* UIView-Position */,
			);
			name = Vendors;
			sourceTree = "<group>";
		};
		CD4A701D1866E3B0001E748F /* SharedManagers */ = {
			isa = PBXGroup;
			children = (
			);
			name = SharedManagers;
			sourceTree = "<group>";
		};
		CD4A703D1866FF41001E748F /* UIView-Position */ = {
			isa = PBXGroup;
			children = (
				CD4A703E1866FF70001E748F /* UIView+position.h */,
				CD4A703F1866FF70001E748F /* UIView+position.m */,
			);
			name = "UIView-Position";
			sourceTree = "<group>";
		};
/* End PBXGroup section */

/* Begin PBXNativeTarget section */
		CD4A6FDC1866E2D0001E748F /* FutureMail */ = {
			isa = PBXNativeTarget;
			buildConfigurationList = CD4A700F1866E2D0001E748F /* Build configuration list for PBXNativeTarget "FutureMail" */;
			buildPhases = (
				CD4A6FD91866E2D0001E748F /* Sources */,
				CD4A6FDA1866E2D0001E748F /* Frameworks */,
				CD4A6FDB1866E2D0001E748F /* Resources */,
			);
			buildRules = (
			);
			dependencies = (
			);
			name = FutureMail;
			productName = FutureMail;
			productReference = CD4A6FDD1866E2D0001E748F /* FutureMail.app */;
			productType = "com.apple.product-type.application";
		};
		CD4A6FFC1866E2D0001E748F /* FutureMailTests */ = {
			isa = PBXNativeTarget;
			buildConfigurationList = CD4A70121866E2D0001E748F /* Build configuration list for PBXNativeTarget "FutureMailTests" */;
			buildPhases = (
				CD4A6FF91866E2D0001E748F /* Sources */,
				CD4A6FFA1866E2D0001E748F /* Frameworks */,
				CD4A6FFB1866E2D0001E748F /* Resources */,
			);
			buildRules = (
			);
			dependencies = (
				CD4A70041866E2D0001E748F /* PBXTargetDependency */,
			);
			name = FutureMailTests;
			productName = FutureMailTests;
			productReference = CD4A6FFD1866E2D0001E748F /* FutureMailTests.xctest */;
			productType = "com.apple.product-type.bundle.unit-test";
		};
/* End PBXNativeTarget section */

/* Begin PBXProject section */
		CD4A6FD51866E2D0001E748F /* Project object */ = {
			isa = PBXProject;
			attributes = {
				CLASSPREFIX = HM;
				LastUpgradeCheck = 0500;
				ORGANIZATIONNAME = "Hao Liu";
				TargetAttributes = {
					CD4A6FFC1866E2D0001E748F = {
						TestTargetID = CD4A6FDC1866E2D0001E748F;
					};
				};
			};
			buildConfigurationList = CD4A6FD81866E2D0001E748F /* Build configuration list for PBXProject "FutureMail" */;
			compatibilityVersion = "Xcode 3.2";
			developmentRegion = English;
			hasScannedForEncodings = 0;
			knownRegions = (
				en,
				Base,
			);
			mainGroup = CD4A6FD41866E2D0001E748F;
			productRefGroup = CD4A6FDE1866E2D0001E748F /* Products */;
			projectDirPath = "";
			projectRoot = "";
			targets = (
				CD4A6FDC1866E2D0001E748F /* FutureMail */,
				CD4A6FFC1866E2D0001E748F /* FutureMailTests */,
			);
		};
/* End PBXProject section */

/* Begin PBXResourcesBuildPhase section */
		CD4A6FDB1866E2D0001E748F /* Resources */ = {
			isa = PBXResourcesBuildPhase;
			buildActionMask = 2147483647;
			files = (
				3A7E3749186F614700D08245 /* colormap.png in Resources */,
				CD4A6FED1866E2D0001E748F /* InfoPlist.strings in Resources */,
				3A7E3748186F614700D08245 /* bar_select.png in Resources */,
				3A7E378D187129F400D08245 /* dog.jpg in Resources */,
				CD4A704218670026001E748F /* main_menu_background.png in Resources */,
				3A7E374C186F614700D08245 /* Icon.png in Resources */,
				3A7E376F18710E6A00D08245 /* painter_button.jpg in Resources */,
				3A7E374B186F614700D08245 /* Default.png in Resources */,
				3A7E3762186F632C00D08245 /* ColorPickerViewController.xib in Resources */,
				3A7E377118710E7600D08245 /* send_button.jpg in Resources */,
				3A7E378B1871294F00D08245 /* imagePicker_button.jpg in Resources */,
				3A7E374A186F614700D08245 /* crosshair.png in Resources */,
				CD4A6FF81866E2D0001E748F /* Images.xcassets in Resources */,
			);
			runOnlyForDeploymentPostprocessing = 0;
		};
		CD4A6FFB1866E2D0001E748F /* Resources */ = {
			isa = PBXResourcesBuildPhase;
			buildActionMask = 2147483647;
			files = (
				CD4A700A1866E2D0001E748F /* InfoPlist.strings in Resources */,
			);
			runOnlyForDeploymentPostprocessing = 0;
		};
/* End PBXResourcesBuildPhase section */

/* Begin PBXSourcesBuildPhase section */
		CD4A6FD91866E2D0001E748F /* Sources */ = {
			isa = PBXSourcesBuildPhase;
			buildActionMask = 2147483647;
			files = (
				CD4A70351866EE88001E748F /* HMMainMenuViewController.m in Sources */,
				3A9CE5761868208A007232F8 /* HMMailComposeViewController.m in Sources */,
				3A9CE56F18681CDD007232F8 /* HMEditView.m in Sources */,
				CD4A704B1867F727001E748F /* UIButton+HMAdditions.m in Sources */,
				CD4A70291866E6B0001E748F /* UIColor+HMColor.m in Sources */,
				CD4A702C1866E767001E748F /* HMViewController.m in Sources */,
				CD4A70261866E5DF001E748F /* HMUtils.m in Sources */,
				3A7E375F186F61E000D08245 /* UIColor-Expanded.m in Sources */,
				3A7E377B1871209900D08245 /* MQCollectionViewController.m in Sources */,
				3A7E377D1871209900D08245 /* ImageCell.m in Sources */,
				3A9CE580186EB7DF007232F8 /* MOGlassButton.m in Sources */,
				3A7E377C1871209900D08245 /* MQImageCollectionView.m in Sources */,
				CD4A704E18680671001E748F /* HMTheme.m in Sources */,
				3A7E375E186F61E000D08245 /* GradientView.m in Sources */,
				3A9CE579186BDF73007232F8 /* HMEmailComposerView.m in Sources */,
				3A7E3785187123E400D08245 /* ImageUtil.m in Sources */,
				3A7E3760186F61E000D08245 /* UIColor-HSVAdditions.m in Sources */,
				CD4A703C1866FE93001E748F /* HMMainMenuView.m in Sources */,
				CD4A6FEF1866E2D0001E748F /* main.m in Sources */,
				3AAD10901877F44600CF87AD /* HMSubTitleView.m in Sources */,
				CD4A70321866EC8C001E748F /* HMAppDataStore.m in Sources */,
				3A9CE57F186EB7DF007232F8 /* MOButton.m in Sources */,
				CD4A70481867F6C8001E748F /* HMMainMenuButton.m in Sources */,
				CD4A702F1866E89A001E748F /* HMEnvironment.m in Sources */,
				3AAD1096187D3BE600CF87AD /* MQInteractionViewController.m in Sources */,
				CD4A70231866E51C001E748F /* UIImage+HMAdditions.m in Sources */,
				CD4A70391866F696001E748F /* UINavigationController+HMAdditions.m in Sources */,
				CD4A6FF61866E2D0001E748F /* FutureMail.xcdatamodeld in Sources */,
				3A7E37891871243400D08245 /* CustomeCellBackGround.m in Sources */,
				3A7E375B186F61E000D08245 /* ColorPickerView.m in Sources */,
				3A7E375C186F61E000D08245 /* ColorPickerViewController.m in Sources */,
				3AAD1093187A466300CF87AD /* HMImageFilterView.m in Sources */,
				CD4A70401866FF70001E748F /* UIView+position.m in Sources */,
				CD4A70201866E493001E748F /* UIFont+HMFont.m in Sources */,
				3A7E377418711FDE00D08245 /* HMImagePickerViewController.m in Sources */,
				3A7E375D186F61E000D08245 /* ColorSwatchView.m in Sources */,
				CD4A6FF31866E2D0001E748F /* HMAppDelegate.m in Sources */,
			);
			runOnlyForDeploymentPostprocessing = 0;
		};
		CD4A6FF91866E2D0001E748F /* Sources */ = {
			isa = PBXSourcesBuildPhase;
			buildActionMask = 2147483647;
			files = (
				CD4A700C1866E2D0001E748F /* FutureMailTests.m in Sources */,
			);
			runOnlyForDeploymentPostprocessing = 0;
		};
/* End PBXSourcesBuildPhase section */

/* Begin PBXTargetDependency section */
		CD4A70041866E2D0001E748F /* PBXTargetDependency */ = {
			isa = PBXTargetDependency;
			target = CD4A6FDC1866E2D0001E748F /* FutureMail */;
			targetProxy = CD4A70031866E2D0001E748F /* PBXContainerItemProxy */;
		};
/* End PBXTargetDependency section */

/* Begin PBXVariantGroup section */
		CD4A6FEB1866E2D0001E748F /* InfoPlist.strings */ = {
			isa = PBXVariantGroup;
			children = (
				CD4A6FEC1866E2D0001E748F /* en */,
			);
			name = InfoPlist.strings;
			sourceTree = "<group>";
		};
		CD4A70081866E2D0001E748F /* InfoPlist.strings */ = {
			isa = PBXVariantGroup;
			children = (
				CD4A70091866E2D0001E748F /* en */,
			);
			name = InfoPlist.strings;
			sourceTree = "<group>";
		};
/* End PBXVariantGroup section */

/* Begin XCBuildConfiguration section */
		CD4A700D1866E2D0001E748F /* Debug */ = {
			isa = XCBuildConfiguration;
			buildSettings = {
				ALWAYS_SEARCH_USER_PATHS = NO;
				ARCHS = "$(ARCHS_STANDARD_INCLUDING_64_BIT)";
				CLANG_CXX_LANGUAGE_STANDARD = "gnu++0x";
				CLANG_CXX_LIBRARY = "libc++";
				CLANG_ENABLE_MODULES = YES;
				CLANG_ENABLE_OBJC_ARC = YES;
				CLANG_WARN_BOOL_CONVERSION = YES;
				CLANG_WARN_CONSTANT_CONVERSION = YES;
				CLANG_WARN_DIRECT_OBJC_ISA_USAGE = YES_ERROR;
				CLANG_WARN_EMPTY_BODY = YES;
				CLANG_WARN_ENUM_CONVERSION = YES;
				CLANG_WARN_INT_CONVERSION = YES;
				CLANG_WARN_OBJC_ROOT_CLASS = YES_ERROR;
				CLANG_WARN__DUPLICATE_METHOD_MATCH = YES;
				"CODE_SIGN_IDENTITY[sdk=iphoneos*]" = "iPhone Developer";
				COPY_PHASE_STRIP = NO;
				GCC_C_LANGUAGE_STANDARD = gnu99;
				GCC_DYNAMIC_NO_PIC = NO;
				GCC_OPTIMIZATION_LEVEL = 0;
				GCC_PREPROCESSOR_DEFINITIONS = (
					"DEBUG=1",
					"$(inherited)",
				);
				GCC_SYMBOLS_PRIVATE_EXTERN = NO;
				GCC_WARN_64_TO_32_BIT_CONVERSION = YES;
				GCC_WARN_ABOUT_RETURN_TYPE = YES_ERROR;
				GCC_WARN_UNDECLARED_SELECTOR = YES;
				GCC_WARN_UNINITIALIZED_AUTOS = YES;
				GCC_WARN_UNUSED_FUNCTION = YES;
				GCC_WARN_UNUSED_VARIABLE = YES;
				IPHONEOS_DEPLOYMENT_TARGET = 7.0;
				ONLY_ACTIVE_ARCH = YES;
				SDKROOT = iphoneos;
			};
			name = Debug;
		};
		CD4A700E1866E2D0001E748F /* Release */ = {
			isa = XCBuildConfiguration;
			buildSettings = {
				ALWAYS_SEARCH_USER_PATHS = NO;
				ARCHS = "$(ARCHS_STANDARD_INCLUDING_64_BIT)";
				CLANG_CXX_LANGUAGE_STANDARD = "gnu++0x";
				CLANG_CXX_LIBRARY = "libc++";
				CLANG_ENABLE_MODULES = YES;
				CLANG_ENABLE_OBJC_ARC = YES;
				CLANG_WARN_BOOL_CONVERSION = YES;
				CLANG_WARN_CONSTANT_CONVERSION = YES;
				CLANG_WARN_DIRECT_OBJC_ISA_USAGE = YES_ERROR;
				CLANG_WARN_EMPTY_BODY = YES;
				CLANG_WARN_ENUM_CONVERSION = YES;
				CLANG_WARN_INT_CONVERSION = YES;
				CLANG_WARN_OBJC_ROOT_CLASS = YES_ERROR;
				CLANG_WARN__DUPLICATE_METHOD_MATCH = YES;
				"CODE_SIGN_IDENTITY[sdk=iphoneos*]" = "iPhone Developer";
				COPY_PHASE_STRIP = YES;
				ENABLE_NS_ASSERTIONS = NO;
				GCC_C_LANGUAGE_STANDARD = gnu99;
				GCC_WARN_64_TO_32_BIT_CONVERSION = YES;
				GCC_WARN_ABOUT_RETURN_TYPE = YES_ERROR;
				GCC_WARN_UNDECLARED_SELECTOR = YES;
				GCC_WARN_UNINITIALIZED_AUTOS = YES;
				GCC_WARN_UNUSED_FUNCTION = YES;
				GCC_WARN_UNUSED_VARIABLE = YES;
				IPHONEOS_DEPLOYMENT_TARGET = 7.0;
				SDKROOT = iphoneos;
				VALIDATE_PRODUCT = YES;
			};
			name = Release;
		};
		CD4A70101866E2D0001E748F /* Debug */ = {
			isa = XCBuildConfiguration;
			buildSettings = {
				ASSETCATALOG_COMPILER_APPICON_NAME = AppIcon;
				ASSETCATALOG_COMPILER_LAUNCHIMAGE_NAME = LaunchImage;
				CODE_SIGN_IDENTITY = "iPhone Developer";
				FRAMEWORK_SEARCH_PATHS = (
					"$(inherited)",
					"/Users/ZZ/GitRepository/FutureMail/FutureMail/Downloads/aws-ios-sdk-1.7.0",
					"/Users/ZZ/GitRepository/FutureMail/FutureMail/Downloads/aws-ios-sdk-1.7.0/ThirdParty",
				);
				GCC_PRECOMPILE_PREFIX_HEADER = YES;
				GCC_PREFIX_HEADER = "FutureMail/FutureMail-Prefix.pch";
				INFOPLIST_FILE = "FutureMail/FutureMail-Info.plist";
				LIBRARY_SEARCH_PATHS = (
					"$(inherited)",
					"/Users/ZZ/GitRepository/FutureMail/FutureMail/Downloads/aws-ios-sdk-1.7.0/ThirdParty/Amazon",
					/Users/ZZ/GitRepository/FutureMail/FutureMail/Downloads/DiabloMiner/target/libs/natives,
				);
				PRODUCT_NAME = "$(TARGET_NAME)";
				TARGETED_DEVICE_FAMILY = 1;
				WRAPPER_EXTENSION = app;
			};
			name = Debug;
		};
		CD4A70111866E2D0001E748F /* Release */ = {
			isa = XCBuildConfiguration;
			buildSettings = {
				ASSETCATALOG_COMPILER_APPICON_NAME = AppIcon;
				ASSETCATALOG_COMPILER_LAUNCHIMAGE_NAME = LaunchImage;
				CODE_SIGN_IDENTITY = "iPhone Developer";
				FRAMEWORK_SEARCH_PATHS = (
					"$(inherited)",
					"/Users/ZZ/GitRepository/FutureMail/FutureMail/Downloads/aws-ios-sdk-1.7.0",
					"/Users/ZZ/GitRepository/FutureMail/FutureMail/Downloads/aws-ios-sdk-1.7.0/ThirdParty",
				);
				GCC_PRECOMPILE_PREFIX_HEADER = YES;
				GCC_PREFIX_HEADER = "FutureMail/FutureMail-Prefix.pch";
				INFOPLIST_FILE = "FutureMail/FutureMail-Info.plist";
				LIBRARY_SEARCH_PATHS = (
					"$(inherited)",
					"/Users/ZZ/GitRepository/FutureMail/FutureMail/Downloads/aws-ios-sdk-1.7.0/ThirdParty/Amazon",
					/Users/ZZ/GitRepository/FutureMail/FutureMail/Downloads/DiabloMiner/target/libs/natives,
				);
				PRODUCT_NAME = "$(TARGET_NAME)";
				TARGETED_DEVICE_FAMILY = 1;
				WRAPPER_EXTENSION = app;
			};
			name = Release;
		};
		CD4A70131866E2D0001E748F /* Debug */ = {
			isa = XCBuildConfiguration;
			buildSettings = {
				ARCHS = "$(ARCHS_STANDARD_INCLUDING_64_BIT)";
				BUNDLE_LOADER = "$(BUILT_PRODUCTS_DIR)/FutureMail.app/FutureMail";
				FRAMEWORK_SEARCH_PATHS = (
					"$(SDKROOT)/Developer/Library/Frameworks",
					"$(inherited)",
					"$(DEVELOPER_FRAMEWORKS_DIR)",
				);
				GCC_PRECOMPILE_PREFIX_HEADER = YES;
				GCC_PREFIX_HEADER = "FutureMail/FutureMail-Prefix.pch";
				GCC_PREPROCESSOR_DEFINITIONS = (
					"DEBUG=1",
					"$(inherited)",
				);
				INFOPLIST_FILE = "FutureMailTests/FutureMailTests-Info.plist";
				PRODUCT_NAME = "$(TARGET_NAME)";
				TEST_HOST = "$(BUNDLE_LOADER)";
				WRAPPER_EXTENSION = xctest;
			};
			name = Debug;
		};
		CD4A70141866E2D0001E748F /* Release */ = {
			isa = XCBuildConfiguration;
			buildSettings = {
				ARCHS = "$(ARCHS_STANDARD_INCLUDING_64_BIT)";
				BUNDLE_LOADER = "$(BUILT_PRODUCTS_DIR)/FutureMail.app/FutureMail";
				FRAMEWORK_SEARCH_PATHS = (
					"$(SDKROOT)/Developer/Library/Frameworks",
					"$(inherited)",
					"$(DEVELOPER_FRAMEWORKS_DIR)",
				);
				GCC_PRECOMPILE_PREFIX_HEADER = YES;
				GCC_PREFIX_HEADER = "FutureMail/FutureMail-Prefix.pch";
				INFOPLIST_FILE = "FutureMailTests/FutureMailTests-Info.plist";
				PRODUCT_NAME = "$(TARGET_NAME)";
				TEST_HOST = "$(BUNDLE_LOADER)";
				WRAPPER_EXTENSION = xctest;
			};
			name = Release;
		};
/* End XCBuildConfiguration section */

/* Begin XCConfigurationList section */
		CD4A6FD81866E2D0001E748F /* Build configuration list for PBXProject "FutureMail" */ = {
			isa = XCConfigurationList;
			buildConfigurations = (
				CD4A700D1866E2D0001E748F /* Debug */,
				CD4A700E1866E2D0001E748F /* Release */,
			);
			defaultConfigurationIsVisible = 0;
			defaultConfigurationName = Release;
		};
		CD4A700F1866E2D0001E748F /* Build configuration list for PBXNativeTarget "FutureMail" */ = {
			isa = XCConfigurationList;
			buildConfigurations = (
				CD4A70101866E2D0001E748F /* Debug */,
				CD4A70111866E2D0001E748F /* Release */,
			);
			defaultConfigurationIsVisible = 0;
			defaultConfigurationName = Release;
		};
		CD4A70121866E2D0001E748F /* Build configuration list for PBXNativeTarget "FutureMailTests" */ = {
			isa = XCConfigurationList;
			buildConfigurations = (
				CD4A70131866E2D0001E748F /* Debug */,
				CD4A70141866E2D0001E748F /* Release */,
			);
			defaultConfigurationIsVisible = 0;
			defaultConfigurationName = Release;
		};
/* End XCConfigurationList section */

/* Begin XCVersionGroup section */
		CD4A6FF41866E2D0001E748F /* FutureMail.xcdatamodeld */ = {
			isa = XCVersionGroup;
			children = (
				CD4A6FF51866E2D0001E748F /* FutureMail.xcdatamodel */,
			);
			currentVersion = CD4A6FF51866E2D0001E748F /* FutureMail.xcdatamodel */;
			path = FutureMail.xcdatamodeld;
			sourceTree = "<group>";
			versionGroupType = wrapper.xcdatamodel;
		};
/* End XCVersionGroup section */
	};
	rootObject = CD4A6FD51866E2D0001E748F /* Project object */;
}
